{
  "version": 4,
  "terraform_version": "1.14.2",
  "serial": 20,
  "lineage": "a58900f9-b648-cddd-0b2a-c4a66d35e955",
  "outputs": {
    "load_balancer_ip": {
      "value": "34.54.137.209",
      "type": "string"
    }
  },
  "resources": [
    {
      "mode": "managed",
      "type": "google_artifact_registry_repository",
      "name": "docker_repo",
      "provider": "provider[\"registry.terraform.io/hashicorp/google\"]",
      "instances": [
        {
          "schema_version": 0,
          "attributes": {
            "cleanup_policies": [],
            "cleanup_policy_dry_run": false,
            "create_time": "2026-01-15T10:49:08.038084Z",
            "description": "",
            "docker_config": [],
            "effective_labels": {},
            "format": "DOCKER",
            "id": "projects/ai-project-469011/locations/asia-south1/repositories/docker-repo",
            "kms_key_name": "",
            "labels": null,
            "location": "asia-south1",
            "maven_config": [],
            "mode": "STANDARD_REPOSITORY",
            "name": "docker-repo",
            "project": "ai-project-469011",
            "remote_repository_config": [],
            "repository_id": "docker-repo",
            "terraform_labels": {},
            "timeouts": null,
            "update_time": "2026-01-15T10:49:08.038084Z",
            "virtual_repository_config": []
          },
          "sensitive_attributes": [],
          "identity_schema_version": 0,
          "private": "eyJlMmJmYjczMC1lY2FhLTExZTYtOGY4OC0zNDM2M2JjN2M0YzAiOnsiY3JlYXRlIjoxMjAwMDAwMDAwMDAwLCJkZWxldGUiOjEyMDAwMDAwMDAwMDAsInVwZGF0ZSI6MTIwMDAwMDAwMDAwMH19"
        }
      ]
    },
    {
      "mode": "managed",
      "type": "google_cloud_run_service",
      "name": "app",
      "provider": "provider[\"registry.terraform.io/hashicorp/google\"]",
      "instances": [
        {
          "status": "tainted",
          "schema_version": 2,
          "attributes": {
            "autogenerate_revision_name": false,
            "id": "locations/asia-south1/namespaces/ai-project-469011/services/cloudrun-sample-app",
            "location": "asia-south1",
            "metadata": null,
            "name": "cloudrun-sample-app",
            "project": "ai-project-469011",
            "status": null,
            "template": [
              {
                "metadata": [],
                "spec": [
                  {
                    "container_concurrency": 0,
                    "containers": [
                      {
                        "args": null,
                        "command": null,
                        "env": [],
                        "env_from": [],
                        "image": "asia-south1-docker.pkg.dev/ai-project-469011/docker-repo/cloudrun-app:v1",
                        "liveness_probe": [],
                        "name": "",
                        "ports": [
                          {
                            "container_port": 8080,
                            "name": "",
                            "protocol": ""
                          }
                        ],
                        "resources": [],
                        "startup_probe": [],
                        "volume_mounts": [],
                        "working_dir": ""
                      }
                    ],
                    "service_account_name": "",
                    "serving_state": "",
                    "timeout_seconds": 0,
                    "volumes": []
                  }
                ]
              }
            ],
            "timeouts": null,
            "traffic": [
              {
                "latest_revision": true,
                "percent": 100,
                "revision_name": "",
                "tag": "",
                "url": ""
              }
            ]
          },
          "sensitive_attributes": [],
          "identity_schema_version": 0,
          "private": "eyJlMmJmYjczMC1lY2FhLTExZTYtOGY4OC0zNDM2M2JjN2M0YzAiOnsiY3JlYXRlIjoxMjAwMDAwMDAwMDAwLCJkZWxldGUiOjEyMDAwMDAwMDAwMDAsInVwZGF0ZSI6MTIwMDAwMDAwMDAwMH0sInNjaGVtYV92ZXJzaW9uIjoiMiJ9"
        }
      ]
    },
    {
      "mode": "managed",
      "type": "google_compute_region_network_endpoint_group",
      "name": "cloudrun_neg",
      "provider": "provider[\"registry.terraform.io/hashicorp/google\"]",
      "instances": [
        {
          "schema_version": 0,
          "attributes": {
            "app_engine": [],
            "cloud_function": [],
            "cloud_run": [
              {
                "service": "cloudrun-sample-app",
                "tag": "",
                "url_mask": ""
              }
            ],
            "description": "",
            "id": "projects/ai-project-469011/regions/asia-south1/networkEndpointGroups/cloudrun-sample-app-neg",
            "name": "cloudrun-sample-app-neg",
            "network": "",
            "network_endpoint_type": "SERVERLESS",
            "project": "ai-project-469011",
            "psc_target_service": "",
            "region": "https://www.googleapis.com/compute/v1/projects/ai-project-469011/regions/asia-south1",
            "self_link": "https://www.googleapis.com/compute/v1/projects/ai-project-469011/regions/asia-south1/networkEndpointGroups/cloudrun-sample-app-neg",
            "subnetwork": "",
            "timeouts": null
          },
          "sensitive_attributes": [],
          "identity_schema_version": 0,
          "private": "eyJlMmJmYjczMC1lY2FhLTExZTYtOGY4OC0zNDM2M2JjN2M0YzAiOnsiY3JlYXRlIjoxMjAwMDAwMDAwMDAwLCJkZWxldGUiOjEyMDAwMDAwMDAwMDB9fQ==",
          "dependencies": [
            "google_cloud_run_service.app"
          ]
        }
      ]
    }
  ],
  "check_results": null
}
